
Microsoft Visual Studio Solution File, Format Version 12.00
# Visual Studio Version 17
VisualStudioVersion = 17.11.35222.181
MinimumVisualStudioVersion = 10.0.40219.1
Project("{FAE04EC0-301F-11D3-BF4B-00C04F79EFBC}") = "Gruppen!!!", "Gruppen!!!\Gruppen!!!.csproj", "{4A0DF841-4831-483E-AC71-5DCE3DD61584}"
EndProject
Global
	GlobalSection(SolutionConfigurationPlatforms) = preSolution
		Debug|Any CPU = Debug|Any CPU
		Release|Any CPU = Release|Any CPU
	EndGlobalSection
	GlobalSection(ProjectConfigurationPlatforms) = postSolution
		{4A0DF841-4831-483E-AC71-5DCE3DD61584}.Debug|Any CPU.ActiveCfg = Debug|Any CPU
		{4A0DF841-4831-483E-AC71-5DCE3DD61584}.Debug|Any CPU.Build.0 = Debug|Any CPU
		{4A0DF841-4831-483E-AC71-5DCE3DD61584}.Release|Any CPU.ActiveCfg = Release|Any CPU
		{4A0DF841-4831-483E-AC71-5DCE3DD61584}.Release|Any CPU.Build.0 = Release|Any CPU
	EndGlobalSection
	GlobalSection(SolutionProperties) = preSolution
		HideSolutionNode = FALSE
	EndGlobalSection
	GlobalSection(ExtensibilityGlobals) = postSolution
		SolutionGuid = {E79A7BC8-DF22-49A8-9B12-BDD07D2D501F}
	EndGlobalSection
EndGlobal
